
Microsoft Visual Studio Solution File, Format Version 12.00
# Visual Studio Version 17
VisualStudioVersion = 17.5.33627.172
MinimumVisualStudioVersion = 10.0.40219.1
Project("{FAE04EC0-301F-11D3-BF4B-00C04F79EFBC}") = "ConsoleApp1", "ConsoleApp1\ConsoleApp1.csproj", "{F13CB338-4BAD-45BA-AD2D-77CB66589DE4}"
EndProject
Global
	GlobalSection(SolutionConfigurationPlatforms) = preSolution
		Debug|Any CPU = Debug|Any CPU
		Release|Any CPU = Release|Any CPU
	EndGlobalSection
	GlobalSection(ProjectConfigurationPlatforms) = postSolution
		{F13CB338-4BAD-45BA-AD2D-77CB66589DE4}.Debug|Any CPU.ActiveCfg = Debug|Any CPU
		{F13CB338-4BAD-45BA-AD2D-77CB66589DE4}.Debug|Any CPU.Build.0 = Debug|Any CPU
		{F13CB338-4BAD-45BA-AD2D-77CB66589DE4}.Release|Any CPU.ActiveCfg = Release|Any CPU
		{F13CB338-4BAD-45BA-AD2D-77CB66589DE4}.Release|Any CPU.Build.0 = Release|Any CPU
	EndGlobalSection
	GlobalSection(SolutionProperties) = preSolution
		HideSolutionNode = FALSE
	EndGlobalSection
	GlobalSection(ExtensibilityGlobals) = postSolution
		SolutionGuid = {27D42DF2-EE3B-4839-8E02-BCA59EC01DE6}
	EndGlobalSection
EndGlobal
